<?xml version="1.0" encoding="UTF-8"?>
<CONFIG>
  <ProjectOptions>
    <Version Value="9"/>
    <PathDelim Value="\"/>
    <General>
      <SessionStorage Value="InProjectDir"/>
      <MainUnit Value="0"/>
      <Title Value="classroom.server"/>
      <ResourceType Value="res"/>
      <UseXPManifest Value="True"/>
      <XPManifest>
        <ExecutionLevel Value="2"/>
      </XPManifest>
    </General>
    <i18n>
      <EnableI18N LFM="False"/>
    </i18n>
    <VersionInfo>
      <UseVersionInfo Value="True"/>
      <MajorVersionNr Value="2"/>
      <BuildNr Value="2"/>
      <StringTable CompanyName="Cybz Lab Software Inc." FileDescription="MultiPC Manager 2.0 Classroom Server" InternalName="mpcm2.0crsv" ProductName="MultiPC Manager 2.0 Classroom Server" ProductVersion="2.0"/>
    </VersionInfo>
    <BuildModes Count="1">
      <Item1 Name="Default" Default="True"/>
    </BuildModes>
    <PublishOptions>
      <Version Value="2"/>
      <DestinationDirectory Value="D:\projects\__published\mpcm_classroom_server"/>
      <IncludeFileFilter Value="*.(pas|pp|inc|lfm|lpr|lrs|lpi|lpk|sh|xml)"/>
      <ExcludeFileFilter Value="*.(bak|ppu|o|so);*~;backup"/>
    </PublishOptions>
    <RunParams>
      <local>
        <FormatVersion Value="1"/>
      </local>
    </RunParams>
    <RequiredPackages Count="5">
      <Item1>
        <PackageName Value="uniqueinstance_package"/>
      </Item1>
      <Item2>
        <PackageName Value="TAChartLazarusPkg"/>
      </Item2>
      <Item3>
        <PackageName Value="LazControls"/>
      </Item3>
      <Item4>
        <PackageName Value="indylaz"/>
      </Item4>
      <Item5>
        <PackageName Value="LCL"/>
      </Item5>
    </RequiredPackages>
    <Units Count="27">
      <Unit0>
        <Filename Value="classroom.lpr"/>
        <IsPartOfProject Value="True"/>
        <UnitName Value="classroom.server"/>
      </Unit0>
      <Unit1>
        <Filename Value="formmain.pas"/>
        <IsPartOfProject Value="True"/>
        <ComponentName Value="frmMain"/>
        <HasResources Value="True"/>
        <ResourceBaseClass Value="Form"/>
        <UnitName Value="FormMain"/>
      </Unit1>
      <Unit2>
        <Filename Value="unitviewer.pas"/>
        <IsPartOfProject Value="True"/>
        <UnitName Value="unitviewer"/>
      </Unit2>
      <Unit3>
        <Filename Value="unitdatabase.pas"/>
        <IsPartOfProject Value="True"/>
        <UnitName Value="UnitDatabase"/>
      </Unit3>
      <Unit4>
        <Filename Value="formsplash.pas"/>
        <IsPartOfProject Value="True"/>
        <ComponentName Value="frmSplash"/>
        <HasResources Value="True"/>
        <ResourceBaseClass Value="Form"/>
        <UnitName Value="FormSplash"/>
      </Unit4>
      <Unit5>
        <Filename Value="formnewsession.pas"/>
        <IsPartOfProject Value="True"/>
        <ComponentName Value="frmNewSession"/>
        <HasResources Value="True"/>
        <ResourceBaseClass Value="Form"/>
        <UnitName Value="formNewSession"/>
      </Unit5>
      <Unit6>
        <Filename Value="unitthreadsync.pas"/>
        <IsPartOfProject Value="True"/>
        <UnitName Value="UnitThreadSync"/>
      </Unit6>
      <Unit7>
        <Filename Value="unitglobal.pas"/>
        <IsPartOfProject Value="True"/>
        <UnitName Value="unitglobal"/>
      </Unit7>
      <Unit8>
        <Filename Value="formquizmaker.pas"/>
        <IsPartOfProject Value="True"/>
        <ComponentName Value="frmQuizMaker"/>
        <HasResources Value="True"/>
        <ResourceBaseClass Value="Form"/>
        <UnitName Value="formquizmaker"/>
      </Unit8>
      <Unit9>
        <Filename Value="unitquizmaker.pas"/>
        <IsPartOfProject Value="True"/>
        <UnitName Value="unitquizmaker"/>
      </Unit9>
      <Unit10>
        <Filename Value="formquizpreview.pas"/>
        <IsPartOfProject Value="True"/>
        <ComponentName Value="frmQuizPreview"/>
        <HasResources Value="True"/>
        <ResourceBaseClass Value="Form"/>
        <UnitName Value="FormQuizPreview"/>
      </Unit10>
      <Unit11>
        <Filename Value="unitdebug.pas"/>
        <IsPartOfProject Value="True"/>
        <UnitName Value="unitdebug"/>
      </Unit11>
      <Unit12>
        <Filename Value="unitquizfile.pas"/>
        <IsPartOfProject Value="True"/>
        <UnitName Value="unitquizfile"/>
      </Unit12>
      <Unit13>
        <Filename Value="unitquizpreview.pas"/>
        <IsPartOfProject Value="True"/>
        <UnitName Value="unitquizpreview"/>
      </Unit13>
      <Unit14>
        <Filename Value="formaddassignment.pas"/>
        <IsPartOfProject Value="True"/>
        <ComponentName Value="frmAddAssignment"/>
        <HasResources Value="True"/>
        <ResourceBaseClass Value="Form"/>
        <UnitName Value="FormAddAssignment"/>
      </Unit14>
      <Unit15>
        <Filename Value="formaddquiz.pas"/>
        <IsPartOfProject Value="True"/>
        <ComponentName Value="frmAddQuiz"/>
        <HasResources Value="True"/>
        <ResourceBaseClass Value="Form"/>
        <UnitName Value="FormAddQuiz"/>
      </Unit15>
      <Unit16>
        <Filename Value="formquizpointview.pas"/>
        <IsPartOfProject Value="True"/>
        <ComponentName Value="frmQuizPointView"/>
        <HasResources Value="True"/>
        <ResourceBaseClass Value="Form"/>
        <UnitName Value="FormQuizPointView"/>
      </Unit16>
      <Unit17>
        <Filename Value="unitlistviewtocsv.pas"/>
        <IsPartOfProject Value="True"/>
        <UnitName Value="unitlistviewtocsv"/>
      </Unit17>
      <Unit18>
        <Filename Value="formessaymoderator.pas"/>
        <IsPartOfProject Value="True"/>
        <ComponentName Value="frmEssayModerator"/>
        <HasResources Value="True"/>
        <ResourceBaseClass Value="Form"/>
        <UnitName Value="FormEssayModerator"/>
      </Unit18>
      <Unit19>
        <Filename Value="formessaymoderatorsub.pas"/>
        <IsPartOfProject Value="True"/>
        <ComponentName Value="frmEssayModeratorSub"/>
        <HasResources Value="True"/>
        <ResourceBaseClass Value="Form"/>
        <UnitName Value="formessaymoderatorsub"/>
      </Unit19>
      <Unit20>
        <Filename Value="formaddvote.pas"/>
        <IsPartOfProject Value="True"/>
        <ComponentName Value="frmAddVote"/>
        <HasResources Value="True"/>
        <ResourceBaseClass Value="Form"/>
        <UnitName Value="formAddVote"/>
      </Unit20>
      <Unit21>
        <Filename Value="formvote.pas"/>
        <IsPartOfProject Value="True"/>
        <ComponentName Value="frmVote"/>
        <HasResources Value="True"/>
        <ResourceBaseClass Value="Form"/>
        <UnitName Value="FormVote"/>
      </Unit21>
      <Unit22>
        <Filename Value="formsettings.pas"/>
        <IsPartOfProject Value="True"/>
        <ComponentName Value="frmSettings"/>
        <HasResources Value="True"/>
        <ResourceBaseClass Value="Form"/>
        <UnitName Value="FormSettings"/>
      </Unit22>
      <Unit23>
        <Filename Value="unittemporaryman.pas"/>
        <IsPartOfProject Value="True"/>
        <UnitName Value="unittemporaryman"/>
      </Unit23>
      <Unit24>
        <Filename Value="formassignmentdetail.pas"/>
        <IsPartOfProject Value="True"/>
        <ComponentName Value="frmAssignmentDetail"/>
        <HasResources Value="True"/>
        <ResourceBaseClass Value="Form"/>
        <UnitName Value="formassignmentdetail"/>
      </Unit24>
      <Unit25>
        <Filename Value="formquizdetail.pas"/>
        <IsPartOfProject Value="True"/>
        <ComponentName Value="frmQuizDetail"/>
        <HasResources Value="True"/>
        <ResourceBaseClass Value="Form"/>
        <UnitName Value="formQuizDetail"/>
      </Unit25>
      <Unit26>
        <Filename Value="formabout.pas"/>
        <IsPartOfProject Value="True"/>
        <ComponentName Value="frmAbout"/>
        <HasResources Value="True"/>
        <ResourceBaseClass Value="Form"/>
        <UnitName Value="FormAbout"/>
      </Unit26>
    </Units>
  </ProjectOptions>
  <CompilerOptions>
    <Version Value="11"/>
    <PathDelim Value="\"/>
    <Target>
      <Filename Value="D:\projects\__built-app-quarantine\classroom.server\server"/>
    </Target>
    <SearchPaths>
      <IncludeFiles Value="$(ProjOutDir)"/>
      <OtherUnitFiles Value="C:\lazarus\components\indylaz\lib\core\;C:\lazarus\components\indylaz\lib\system\;C:\lazarus\components\indylaz\lib\protocols\"/>
      <UnitOutputDirectory Value="lib\$(TargetCPU)-$(TargetOS)"/>
    </SearchPaths>
    <Linking>
      <Debugging>
        <GenerateDebugInfo Value="False"/>
      </Debugging>
      <Options>
        <Win32>
          <GraphicApplication Value="True"/>
        </Win32>
      </Options>
    </Linking>
    <Other>
      <CompilerMessages>
        <MsgFileName Value=""/>
      </CompilerMessages>
      <CompilerPath Value="$(CompPath)"/>
    </Other>
  </CompilerOptions>
  <Debugging>
    <Exceptions Count="3">
      <Item1>
        <Name Value="EIdConnClosedGracefully"/>
      </Item1>
      <Item2>
        <Name Value="EAbort"/>
      </Item2>
      <Item3>
        <Name Value="EIdSocketError"/>
      </Item3>
    </Exceptions>
  </Debugging>
</CONFIG>
